
Microsoft Visual Studio Solution File, Format Version 12.00
# Visual Studio Version 17
VisualStudioVersion = 17.0.32112.339
MinimumVisualStudioVersion = 10.0.40219.1
Project("{2150E333-8FDC-42A3-9474-1A3956D46DE8}") = "Tests", "Tests", "{5E9C3273-C049-4A22-9881-B0E02E0A0C00}"
EndProject
Project("{FAE04EC0-301F-11D3-BF4B-00C04F79EFBC}") = "SonoTracker.Api", "SonoTracker.Api\SonoTracker.Api.csproj", "{DE1AE973-E4A1-42D9-ACEB-86A07975A927}"
EndProject
Project("{FAE04EC0-301F-11D3-BF4B-00C04F79EFBC}") = "SonoTracker.Application", "SonoTracker.Application\SonoTracker.Application.csproj", "{114464C1-3E22-4A3C-AF59-E2AD8950D4AE}"
EndProject
Project("{FAE04EC0-301F-11D3-BF4B-00C04F79EFBC}") = "SonoTracker.Common", "SonoTracker.Common\SonoTracker.Common.csproj", "{2F19F424-11FF-4FE2-B0BA-8AB478D7A708}"
EndProject
Project("{FAE04EC0-301F-11D3-BF4B-00C04F79EFBC}") = "SonoTracker.Domain", "SonoTracker.Domain\SonoTracker.Domain.csproj", "{666A4E16-51D3-4DA0-9729-73D414B1CBC8}"
EndProject
Project("{FAE04EC0-301F-11D3-BF4B-00C04F79EFBC}") = "SonoTracker.Infrastructure", "SonoTracker.Infrastructure\SonoTracker.Infrastructure.csproj", "{34D43F2B-0F3C-4A78-8825-CF7CC75626C9}"
EndProject
Project("{FAE04EC0-301F-11D3-BF4B-00C04F79EFBC}") = "SonoTracker.Integration", "SonoTracker.Integration\SonoTracker.Integration.csproj", "{BA78AA1F-0AC9-41D2-AECF-540799A39F83}"
EndProject
Global
	GlobalSection(SolutionConfigurationPlatforms) = preSolution
		Debug|Any CPU = Debug|Any CPU
		Release|Any CPU = Release|Any CPU
	EndGlobalSection
	GlobalSection(ProjectConfigurationPlatforms) = postSolution
		{DE1AE973-E4A1-42D9-ACEB-86A07975A927}.Debug|Any CPU.ActiveCfg = Debug|Any CPU
		{DE1AE973-E4A1-42D9-ACEB-86A07975A927}.Debug|Any CPU.Build.0 = Debug|Any CPU
		{DE1AE973-E4A1-42D9-ACEB-86A07975A927}.Release|Any CPU.ActiveCfg = Release|Any CPU
		{DE1AE973-E4A1-42D9-ACEB-86A07975A927}.Release|Any CPU.Build.0 = Release|Any CPU
		{114464C1-3E22-4A3C-AF59-E2AD8950D4AE}.Debug|Any CPU.ActiveCfg = Debug|Any CPU
		{114464C1-3E22-4A3C-AF59-E2AD8950D4AE}.Debug|Any CPU.Build.0 = Debug|Any CPU
		{114464C1-3E22-4A3C-AF59-E2AD8950D4AE}.Release|Any CPU.ActiveCfg = Release|Any CPU
		{114464C1-3E22-4A3C-AF59-E2AD8950D4AE}.Release|Any CPU.Build.0 = Release|Any CPU
		{2F19F424-11FF-4FE2-B0BA-8AB478D7A708}.Debug|Any CPU.ActiveCfg = Debug|Any CPU
		{2F19F424-11FF-4FE2-B0BA-8AB478D7A708}.Debug|Any CPU.Build.0 = Debug|Any CPU
		{2F19F424-11FF-4FE2-B0BA-8AB478D7A708}.Release|Any CPU.ActiveCfg = Release|Any CPU
		{2F19F424-11FF-4FE2-B0BA-8AB478D7A708}.Release|Any CPU.Build.0 = Release|Any CPU
		{666A4E16-51D3-4DA0-9729-73D414B1CBC8}.Debug|Any CPU.ActiveCfg = Debug|Any CPU
		{666A4E16-51D3-4DA0-9729-73D414B1CBC8}.Debug|Any CPU.Build.0 = Debug|Any CPU
		{666A4E16-51D3-4DA0-9729-73D414B1CBC8}.Release|Any CPU.ActiveCfg = Release|Any CPU
		{666A4E16-51D3-4DA0-9729-73D414B1CBC8}.Release|Any CPU.Build.0 = Release|Any CPU
		{34D43F2B-0F3C-4A78-8825-CF7CC75626C9}.Debug|Any CPU.ActiveCfg = Debug|Any CPU
		{34D43F2B-0F3C-4A78-8825-CF7CC75626C9}.Debug|Any CPU.Build.0 = Debug|Any CPU
		{34D43F2B-0F3C-4A78-8825-CF7CC75626C9}.Release|Any CPU.ActiveCfg = Release|Any CPU
		{34D43F2B-0F3C-4A78-8825-CF7CC75626C9}.Release|Any CPU.Build.0 = Release|Any CPU
		{BA78AA1F-0AC9-41D2-AECF-540799A39F83}.Debug|Any CPU.ActiveCfg = Debug|Any CPU
		{BA78AA1F-0AC9-41D2-AECF-540799A39F83}.Debug|Any CPU.Build.0 = Debug|Any CPU
		{BA78AA1F-0AC9-41D2-AECF-540799A39F83}.Release|Any CPU.ActiveCfg = Release|Any CPU
		{BA78AA1F-0AC9-41D2-AECF-540799A39F83}.Release|Any CPU.Build.0 = Release|Any CPU
	EndGlobalSection
	GlobalSection(SolutionProperties) = preSolution
		HideSolutionNode = FALSE
	EndGlobalSection
	GlobalSection(ExtensibilityGlobals) = postSolution
		SolutionGuid = {57713B29-5816-4714-9240-F3D41243D9AF}
	EndGlobalSection
EndGlobal
